// !$*UTF8*$!
{
	archiveVersion = 1;
	classes = {
	};
	objectVersion = 55;
	objects = {

/* Begin PBXBuildFile section */
		09147C802B0DD06A0051DF47 /* EKEventStore.swift in Sources */ = {isa = PBXBuildFile; fileRef = 09147C7F2B0DD06A0051DF47 /* EKEventStore.swift */; };
		09147C822B0DDE390051DF47 /* Double.swift in Sources */ = {isa = PBXBuildFile; fileRef = 09147C812B0DDE390051DF47 /* Double.swift */; };
		09147C842B0DDEB30051DF47 /* Int.swift in Sources */ = {isa = PBXBuildFile; fileRef = 09147C832B0DDEB30051DF47 /* Int.swift */; };
		0916A7082B0DB1F500B93E18 /* EKEvent.swift in Sources */ = {isa = PBXBuildFile; fileRef = 0916A7072B0DB1F500B93E18 /* EKEvent.swift */; };
		0916A70A2B0DB33700B93E18 /* Date.swift in Sources */ = {isa = PBXBuildFile; fileRef = 0916A7092B0DB33700B93E18 /* Date.swift */; };
		0916A70D2B0DB47000B93E18 /* StandardPeriod.swift in Sources */ = {isa = PBXBuildFile; fileRef = 0916A70C2B0DB47000B93E18 /* StandardPeriod.swift */; };
		0916A70F2B0DB49100B93E18 /* TimePeriod.swift in Sources */ = {isa = PBXBuildFile; fileRef = 0916A70E2B0DB49100B93E18 /* TimePeriod.swift */; };
		0916A7112B0DB4AD00B93E18 /* EventError.swift in Sources */ = {isa = PBXBuildFile; fileRef = 0916A7102B0DB4AD00B93E18 /* EventError.swift */; };
		0916A7132B0DB4D200B93E18 /* Calendar.swift in Sources */ = {isa = PBXBuildFile; fileRef = 0916A7122B0DB4D200B93E18 /* Calendar.swift */; };
		0916A7162B0DB57D00B93E18 /* CalendarPicker.swift in Sources */ = {isa = PBXBuildFile; fileRef = 0916A7152B0DB57D00B93E18 /* CalendarPicker.swift */; };
		0916A7182B0DB5B700B93E18 /* CalendarDatePicker.swift in Sources */ = {isa = PBXBuildFile; fileRef = 0916A7172B0DB5B700B93E18 /* CalendarDatePicker.swift */; };
		0916A71A2B0DB5D000B93E18 /* EventTable.swift in Sources */ = {isa = PBXBuildFile; fileRef = 0916A7192B0DB5D000B93E18 /* EventTable.swift */; };
		095D707127F386E700248050 /* CalendarSummaryApp.swift in Sources */ = {isa = PBXBuildFile; fileRef = 095D707027F386E700248050 /* CalendarSummaryApp.swift */; };
		095D707327F386E700248050 /* ContentView.swift in Sources */ = {isa = PBXBuildFile; fileRef = 095D707227F386E700248050 /* ContentView.swift */; };
		095D707527F386EB00248050 /* Assets.xcassets in Resources */ = {isa = PBXBuildFile; fileRef = 095D707427F386EB00248050 /* Assets.xcassets */; };
		095D707827F386EB00248050 /* Preview Assets.xcassets in Resources */ = {isa = PBXBuildFile; fileRef = 095D707727F386EB00248050 /* Preview Assets.xcassets */; };
		095D708327F386EB00248050 /* CalendarSummaryTests.swift in Sources */ = {isa = PBXBuildFile; fileRef = 095D708227F386EB00248050 /* CalendarSummaryTests.swift */; };
		095D708D27F386EB00248050 /* CalendarSummaryUITests.swift in Sources */ = {isa = PBXBuildFile; fileRef = 095D708C27F386EB00248050 /* CalendarSummaryUITests.swift */; };
		095D708F27F386EB00248050 /* CalendarSummaryUITestsLaunchTests.swift in Sources */ = {isa = PBXBuildFile; fileRef = 095D708E27F386EB00248050 /* CalendarSummaryUITestsLaunchTests.swift */; };
		0970CF3127F4EA0C00047920 /* EventManager.swift in Sources */ = {isa = PBXBuildFile; fileRef = 0970CF3027F4EA0C00047920 /* EventManager.swift */; };
		09A4A7E82BAD9B0400ADBF77 /* Branch.swift in Sources */ = {isa = PBXBuildFile; fileRef = 09A4A7E72BAD9B0400ADBF77 /* Branch.swift */; };
		09A4A7EA2BAD9B3900ADBF77 /* String.swift in Sources */ = {isa = PBXBuildFile; fileRef = 09A4A7E92BAD9B3900ADBF77 /* String.swift */; };
		09AE9D1D2BAB3539000EE5E0 /* EventRow.swift in Sources */ = {isa = PBXBuildFile; fileRef = 09AE9D1C2BAB3539000EE5E0 /* EventRow.swift */; };
		09AE9D1F2BAB4A8E000EE5E0 /* Logger.swift in Sources */ = {isa = PBXBuildFile; fileRef = 09AE9D1E2BAB4A8E000EE5E0 /* Logger.swift */; };
		09E3C9A927F4FCEC0097E293 /* Event.swift in Sources */ = {isa = PBXBuildFile; fileRef = 09E3C9A827F4FCEC0097E293 /* Event.swift */; };
/* End PBXBuildFile section */

/* Begin PBXContainerItemProxy section */
		095D707F27F386EB00248050 /* PBXContainerItemProxy */ = {
			isa = PBXContainerItemProxy;
			containerPortal = 095D706527F386E700248050 /* Project object */;
			proxyType = 1;
			remoteGlobalIDString = 095D706C27F386E700248050;
			remoteInfo = "Calendar Summary";
		};
		095D708927F386EB00248050 /* PBXContainerItemProxy */ = {
			isa = PBXContainerItemProxy;
			containerPortal = 095D706527F386E700248050 /* Project object */;
			proxyType = 1;
			remoteGlobalIDString = 095D706C27F386E700248050;
			remoteInfo = "Calendar Summary";
		};
/* End PBXContainerItemProxy section */

/* Begin PBXFileReference section */
		09147C7E2B0DC5810051DF47 /* Info.plist */ = {isa = PBXFileReference; lastKnownFileType = text.plist; path = Info.plist; sourceTree = "<group>"; };
		09147C7F2B0DD06A0051DF47 /* EKEventStore.swift */ = {isa = PBXFileReference; lastKnownFileType = sourcecode.swift; path = EKEventStore.swift; sourceTree = "<group>"; };
		09147C812B0DDE390051DF47 /* Double.swift */ = {isa = PBXFileReference; lastKnownFileType = sourcecode.swift; path = Double.swift; sourceTree = "<group>"; };
		09147C832B0DDEB30051DF47 /* Int.swift */ = {isa = PBXFileReference; lastKnownFileType = sourcecode.swift; path = Int.swift; sourceTree = "<group>"; };
		0916A7072B0DB1F500B93E18 /* EKEvent.swift */ = {isa = PBXFileReference; lastKnownFileType = sourcecode.swift; path = EKEvent.swift; sourceTree = "<group>"; };
		0916A7092B0DB33700B93E18 /* Date.swift */ = {isa = PBXFileReference; lastKnownFileType = sourcecode.swift; path = Date.swift; sourceTree = "<group>"; };
		0916A70C2B0DB47000B93E18 /* StandardPeriod.swift */ = {isa = PBXFileReference; lastKnownFileType = sourcecode.swift; path = StandardPeriod.swift; sourceTree = "<group>"; };
		0916A70E2B0DB49100B93E18 /* TimePeriod.swift */ = {isa = PBXFileReference; lastKnownFileType = sourcecode.swift; path = TimePeriod.swift; sourceTree = "<group>"; };
		0916A7102B0DB4AD00B93E18 /* EventError.swift */ = {isa = PBXFileReference; lastKnownFileType = sourcecode.swift; path = EventError.swift; sourceTree = "<group>"; };
		0916A7122B0DB4D200B93E18 /* Calendar.swift */ = {isa = PBXFileReference; lastKnownFileType = sourcecode.swift; path = Calendar.swift; sourceTree = "<group>"; };
		0916A7152B0DB57D00B93E18 /* CalendarPicker.swift */ = {isa = PBXFileReference; lastKnownFileType = sourcecode.swift; path = CalendarPicker.swift; sourceTree = "<group>"; };
		0916A7172B0DB5B700B93E18 /* CalendarDatePicker.swift */ = {isa = PBXFileReference; lastKnownFileType = sourcecode.swift; path = CalendarDatePicker.swift; sourceTree = "<group>"; };
		0916A7192B0DB5D000B93E18 /* EventTable.swift */ = {isa = PBXFileReference; lastKnownFileType = sourcecode.swift; path = EventTable.swift; sourceTree = "<group>"; };
		095D706D27F386E700248050 /* CalendarSummary.app */ = {isa = PBXFileReference; explicitFileType = wrapper.application; includeInIndex = 0; path = CalendarSummary.app; sourceTree = BUILT_PRODUCTS_DIR; };
		095D707027F386E700248050 /* CalendarSummaryApp.swift */ = {isa = PBXFileReference; lastKnownFileType = sourcecode.swift; path = CalendarSummaryApp.swift; sourceTree = "<group>"; };
		095D707227F386E700248050 /* ContentView.swift */ = {isa = PBXFileReference; lastKnownFileType = sourcecode.swift; path = ContentView.swift; sourceTree = "<group>"; };
		095D707427F386EB00248050 /* Assets.xcassets */ = {isa = PBXFileReference; lastKnownFileType = folder.assetcatalog; path = Assets.xcassets; sourceTree = "<group>"; };
		095D707727F386EB00248050 /* Preview Assets.xcassets */ = {isa = PBXFileReference; lastKnownFileType = folder.assetcatalog; path = "Preview Assets.xcassets"; sourceTree = "<group>"; };
		095D707E27F386EB00248050 /* CalendarSummaryTests.xctest */ = {isa = PBXFileReference; explicitFileType = wrapper.cfbundle; includeInIndex = 0; path = CalendarSummaryTests.xctest; sourceTree = BUILT_PRODUCTS_DIR; };
		095D708227F386EB00248050 /* CalendarSummaryTests.swift */ = {isa = PBXFileReference; lastKnownFileType = sourcecode.swift; path = CalendarSummaryTests.swift; sourceTree = "<group>"; };
		095D708827F386EB00248050 /* CalendarSummaryUITests.xctest */ = {isa = PBXFileReference; explicitFileType = wrapper.cfbundle; includeInIndex = 0; path = CalendarSummaryUITests.xctest; sourceTree = BUILT_PRODUCTS_DIR; };
		095D708C27F386EB00248050 /* CalendarSummaryUITests.swift */ = {isa = PBXFileReference; lastKnownFileType = sourcecode.swift; path = CalendarSummaryUITests.swift; sourceTree = "<group>"; };
		095D708E27F386EB00248050 /* CalendarSummaryUITestsLaunchTests.swift */ = {isa = PBXFileReference; lastKnownFileType = sourcecode.swift; path = CalendarSummaryUITestsLaunchTests.swift; sourceTree = "<group>"; };
		0970CF3027F4EA0C00047920 /* EventManager.swift */ = {isa = PBXFileReference; lastKnownFileType = sourcecode.swift; path = EventManager.swift; sourceTree = "<group>"; };
		09A4A7E72BAD9B0400ADBF77 /* Branch.swift */ = {isa = PBXFileReference; lastKnownFileType = sourcecode.swift; path = Branch.swift; sourceTree = "<group>"; };
		09A4A7E92BAD9B3900ADBF77 /* String.swift */ = {isa = PBXFileReference; lastKnownFileType = sourcecode.swift; path = String.swift; sourceTree = "<group>"; };
		09AE9D1C2BAB3539000EE5E0 /* EventRow.swift */ = {isa = PBXFileReference; lastKnownFileType = sourcecode.swift; path = EventRow.swift; sourceTree = "<group>"; };
		09AE9D1E2BAB4A8E000EE5E0 /* Logger.swift */ = {isa = PBXFileReference; lastKnownFileType = sourcecode.swift; path = Logger.swift; sourceTree = "<group>"; };
		09E3C9A827F4FCEC0097E293 /* Event.swift */ = {isa = PBXFileReference; lastKnownFileType = sourcecode.swift; path = Event.swift; sourceTree = "<group>"; };
/* End PBXFileReference section */

/* Begin PBXFrameworksBuildPhase section */
		095D706A27F386E700248050 /* Frameworks */ = {
			isa = PBXFrameworksBuildPhase;
			buildActionMask = 2147483647;
			files = (
			);
			runOnlyForDeploymentPostprocessing = 0;
		};
		095D707B27F386EB00248050 /* Frameworks */ = {
			isa = PBXFrameworksBuildPhase;
			buildActionMask = 2147483647;
			files = (
			);
			runOnlyForDeploymentPostprocessing = 0;
		};
		095D708527F386EB00248050 /* Frameworks */ = {
			isa = PBXFrameworksBuildPhase;
			buildActionMask = 2147483647;
			files = (
			);
			runOnlyForDeploymentPostprocessing = 0;
		};
/* End PBXFrameworksBuildPhase section */

/* Begin PBXGroup section */
		0916A7062B0DB1B400B93E18 /* Extensions */ = {
			isa = PBXGroup;
			children = (
				0916A7072B0DB1F500B93E18 /* EKEvent.swift */,
				0916A7092B0DB33700B93E18 /* Date.swift */,
				09147C7F2B0DD06A0051DF47 /* EKEventStore.swift */,
				09147C812B0DDE390051DF47 /* Double.swift */,
				09147C832B0DDEB30051DF47 /* Int.swift */,
				09AE9D1E2BAB4A8E000EE5E0 /* Logger.swift */,
				09A4A7E92BAD9B3900ADBF77 /* String.swift */,
			);
			path = Extensions;
			sourceTree = "<group>";
		};
		0916A70B2B0DB46200B93E18 /* Models */ = {
			isa = PBXGroup;
			children = (
				0916A70C2B0DB47000B93E18 /* StandardPeriod.swift */,
				0916A70E2B0DB49100B93E18 /* TimePeriod.swift */,
				0916A7102B0DB4AD00B93E18 /* EventError.swift */,
				0916A7122B0DB4D200B93E18 /* Calendar.swift */,
				09E3C9A827F4FCEC0097E293 /* Event.swift */,
				09A4A7E72BAD9B0400ADBF77 /* Branch.swift */,
			);
			path = Models;
			sourceTree = "<group>";
		};
		0916A7142B0DB56D00B93E18 /* Views */ = {
			isa = PBXGroup;
			children = (
				095D707227F386E700248050 /* ContentView.swift */,
				0916A7152B0DB57D00B93E18 /* CalendarPicker.swift */,
				0916A7172B0DB5B700B93E18 /* CalendarDatePicker.swift */,
				0916A7192B0DB5D000B93E18 /* EventTable.swift */,
				09AE9D1C2BAB3539000EE5E0 /* EventRow.swift */,
			);
			path = Views;
			sourceTree = "<group>";
		};
		095D706427F386E700248050 = {
			isa = PBXGroup;
			children = (
				095D706F27F386E700248050 /* CalendarSummary */,
				095D708127F386EB00248050 /* CalendarSummaryTests */,
				095D708B27F386EB00248050 /* CalendarSummaryUITests */,
				095D706E27F386E700248050 /* Products */,
			);
			sourceTree = "<group>";
		};
		095D706E27F386E700248050 /* Products */ = {
			isa = PBXGroup;
			children = (
				095D706D27F386E700248050 /* CalendarSummary.app */,
				095D707E27F386EB00248050 /* CalendarSummaryTests.xctest */,
				095D708827F386EB00248050 /* CalendarSummaryUITests.xctest */,
			);
			name = Products;
			sourceTree = "<group>";
		};
		095D706F27F386E700248050 /* CalendarSummary */ = {
			isa = PBXGroup;
			children = (
				09147C7E2B0DC5810051DF47 /* Info.plist */,
				0916A7062B0DB1B400B93E18 /* Extensions */,
				0916A70B2B0DB46200B93E18 /* Models */,
				0916A7142B0DB56D00B93E18 /* Views */,
				09BAC119282674B90057CB30 /* Managers */,
				095D707027F386E700248050 /* CalendarSummaryApp.swift */,
				095D707427F386EB00248050 /* Assets.xcassets */,
				095D707627F386EB00248050 /* Preview Content */,
			);
			path = CalendarSummary;
			sourceTree = "<group>";
		};
		095D707627F386EB00248050 /* Preview Content */ = {
			isa = PBXGroup;
			children = (
				095D707727F386EB00248050 /* Preview Assets.xcassets */,
			);
			path = "Preview Content";
			sourceTree = "<group>";
		};
		095D708127F386EB00248050 /* CalendarSummaryTests */ = {
			isa = PBXGroup;
			children = (
				095D708227F386EB00248050 /* CalendarSummaryTests.swift */,
			);
			path = CalendarSummaryTests;
			sourceTree = "<group>";
		};
		095D708B27F386EB00248050 /* CalendarSummaryUITests */ = {
			isa = PBXGroup;
			children = (
				095D708C27F386EB00248050 /* CalendarSummaryUITests.swift */,
				095D708E27F386EB00248050 /* CalendarSummaryUITestsLaunchTests.swift */,
			);
			path = CalendarSummaryUITests;
			sourceTree = "<group>";
		};
		09BAC119282674B90057CB30 /* Managers */ = {
			isa = PBXGroup;
			children = (
				0970CF3027F4EA0C00047920 /* EventManager.swift */,
			);
			path = Managers;
			sourceTree = "<group>";
		};
/* End PBXGroup section */

/* Begin PBXNativeTarget section */
		095D706C27F386E700248050 /* CalendarSummary */ = {
			isa = PBXNativeTarget;
			buildConfigurationList = 095D709227F386EB00248050 /* Build configuration list for PBXNativeTarget "CalendarSummary" */;
			buildPhases = (
				095D706927F386E700248050 /* Sources */,
				095D706A27F386E700248050 /* Frameworks */,
				095D706B27F386E700248050 /* Resources */,
			);
			buildRules = (
			);
			dependencies = (
			);
			name = CalendarSummary;
			productName = "Calendar Summary";
			productReference = 095D706D27F386E700248050 /* CalendarSummary.app */;
			productType = "com.apple.product-type.application";
		};
		095D707D27F386EB00248050 /* CalendarSummaryTests */ = {
			isa = PBXNativeTarget;
			buildConfigurationList = 095D709527F386EB00248050 /* Build configuration list for PBXNativeTarget "CalendarSummaryTests" */;
			buildPhases = (
				095D707A27F386EB00248050 /* Sources */,
				095D707B27F386EB00248050 /* Frameworks */,
				095D707C27F386EB00248050 /* Resources */,
			);
			buildRules = (
			);
			dependencies = (
				095D708027F386EB00248050 /* PBXTargetDependency */,
			);
			name = CalendarSummaryTests;
			productName = "Calendar SummaryTests";
			productReference = 095D707E27F386EB00248050 /* CalendarSummaryTests.xctest */;
			productType = "com.apple.product-type.bundle.unit-test";
		};
		095D708727F386EB00248050 /* CalendarSummaryUITests */ = {
			isa = PBXNativeTarget;
			buildConfigurationList = 095D709827F386EB00248050 /* Build configuration list for PBXNativeTarget "CalendarSummaryUITests" */;
			buildPhases = (
				095D708427F386EB00248050 /* Sources */,
				095D708527F386EB00248050 /* Frameworks */,
				095D708627F386EB00248050 /* Resources */,
			);
			buildRules = (
			);
			dependencies = (
				095D708A27F386EB00248050 /* PBXTargetDependency */,
			);
			name = CalendarSummaryUITests;
			productName = "Calendar SummaryUITests";
			productReference = 095D708827F386EB00248050 /* CalendarSummaryUITests.xctest */;
			productType = "com.apple.product-type.bundle.ui-testing";
		};
/* End PBXNativeTarget section */

/* Begin PBXProject section */
		095D706527F386E700248050 /* Project object */ = {
			isa = PBXProject;
			attributes = {
				BuildIndependentTargetsInParallel = 1;
				LastSwiftUpdateCheck = 1330;
				LastUpgradeCheck = 1530;
				TargetAttributes = {
					095D706C27F386E700248050 = {
						CreatedOnToolsVersion = 13.3;
					};
					095D707D27F386EB00248050 = {
						CreatedOnToolsVersion = 13.3;
						TestTargetID = 095D706C27F386E700248050;
					};
					095D708727F386EB00248050 = {
						CreatedOnToolsVersion = 13.3;
						TestTargetID = 095D706C27F386E700248050;
					};
				};
			};
			buildConfigurationList = 095D706827F386E700248050 /* Build configuration list for PBXProject "CalendarSummary" */;
			compatibilityVersion = "Xcode 13.0";
			developmentRegion = en;
			hasScannedForEncodings = 0;
			knownRegions = (
				en,
				Base,
			);
			mainGroup = 095D706427F386E700248050;
			productRefGroup = 095D706E27F386E700248050 /* Products */;
			projectDirPath = "";
			projectRoot = "";
			targets = (
				095D706C27F386E700248050 /* CalendarSummary */,
				095D707D27F386EB00248050 /* CalendarSummaryTests */,
				095D708727F386EB00248050 /* CalendarSummaryUITests */,
			);
		};
/* End PBXProject section */

/* Begin PBXResourcesBuildPhase section */
		095D706B27F386E700248050 /* Resources */ = {
			isa = PBXResourcesBuildPhase;
			buildActionMask = 2147483647;
			files = (
				095D707827F386EB00248050 /* Preview Assets.xcassets in Resources */,
				095D707527F386EB00248050 /* Assets.xcassets in Resources */,
			);
			runOnlyForDeploymentPostprocessing = 0;
		};
		095D707C27F386EB00248050 /* Resources */ = {
			isa = PBXResourcesBuildPhase;
			buildActionMask = 2147483647;
			files = (
			);
			runOnlyForDeploymentPostprocessing = 0;
		};
		095D708627F386EB00248050 /* Resources */ = {
			isa = PBXResourcesBuildPhase;
			buildActionMask = 2147483647;
			files = (
			);
			runOnlyForDeploymentPostprocessing = 0;
		};
/* End PBXResourcesBuildPhase section */

/* Begin PBXSourcesBuildPhase section */
		095D706927F386E700248050 /* Sources */ = {
			isa = PBXSourcesBuildPhase;
			buildActionMask = 2147483647;
			files = (
				0916A7132B0DB4D200B93E18 /* Calendar.swift in Sources */,
				0916A7182B0DB5B700B93E18 /* CalendarDatePicker.swift in Sources */,
				09A4A7EA2BAD9B3900ADBF77 /* String.swift in Sources */,
				0916A7082B0DB1F500B93E18 /* EKEvent.swift in Sources */,
				09E3C9A927F4FCEC0097E293 /* Event.swift in Sources */,
				0916A7162B0DB57D00B93E18 /* CalendarPicker.swift in Sources */,
				0916A70A2B0DB33700B93E18 /* Date.swift in Sources */,
				0916A70D2B0DB47000B93E18 /* StandardPeriod.swift in Sources */,
				0916A71A2B0DB5D000B93E18 /* EventTable.swift in Sources */,
				09147C802B0DD06A0051DF47 /* EKEventStore.swift in Sources */,
				0916A7112B0DB4AD00B93E18 /* EventError.swift in Sources */,
				0916A70F2B0DB49100B93E18 /* TimePeriod.swift in Sources */,
				09A4A7E82BAD9B0400ADBF77 /* Branch.swift in Sources */,
				0970CF3127F4EA0C00047920 /* EventManager.swift in Sources */,
				095D707327F386E700248050 /* ContentView.swift in Sources */,
				09AE9D1F2BAB4A8E000EE5E0 /* Logger.swift in Sources */,
				09147C822B0DDE390051DF47 /* Double.swift in Sources */,
				095D707127F386E700248050 /* CalendarSummaryApp.swift in Sources */,
				09147C842B0DDEB30051DF47 /* Int.swift in Sources */,
				09AE9D1D2BAB3539000EE5E0 /* EventRow.swift in Sources */,
			);
			runOnlyForDeploymentPostprocessing = 0;
		};
		095D707A27F386EB00248050 /* Sources */ = {
			isa = PBXSourcesBuildPhase;
			buildActionMask = 2147483647;
			files = (
				095D708327F386EB00248050 /* CalendarSummaryTests.swift in Sources */,
			);
			runOnlyForDeploymentPostprocessing = 0;
		};
		095D708427F386EB00248050 /* Sources */ = {
			isa = PBXSourcesBuildPhase;
			buildActionMask = 2147483647;
			files = (
				095D708D27F386EB00248050 /* CalendarSummaryUITests.swift in Sources */,
				095D708F27F386EB00248050 /* CalendarSummaryUITestsLaunchTests.swift in Sources */,
			);
			runOnlyForDeploymentPostprocessing = 0;
		};
/* End PBXSourcesBuildPhase section */

/* Begin PBXTargetDependency section */
		095D708027F386EB00248050 /* PBXTargetDependency */ = {
			isa = PBXTargetDependency;
			target = 095D706C27F386E700248050 /* CalendarSummary */;
			targetProxy = 095D707F27F386EB00248050 /* PBXContainerItemProxy */;
		};
		095D708A27F386EB00248050 /* PBXTargetDependency */ = {
			isa = PBXTargetDependency;
			target = 095D706C27F386E700248050 /* CalendarSummary */;
			targetProxy = 095D708927F386EB00248050 /* PBXContainerItemProxy */;
		};
/* End PBXTargetDependency section */

/* Begin XCBuildConfiguration section */
		095D709027F386EB00248050 /* Debug */ = {
			isa = XCBuildConfiguration;
			buildSettings = {
				ALWAYS_SEARCH_USER_PATHS = NO;
				ASSETCATALOG_COMPILER_GENERATE_SWIFT_ASSET_SYMBOL_EXTENSIONS = YES;
				CLANG_ANALYZER_NONNULL = YES;
				CLANG_ANALYZER_NUMBER_OBJECT_CONVERSION = YES_AGGRESSIVE;
				CLANG_CXX_LANGUAGE_STANDARD = "gnu++17";
				CLANG_ENABLE_MODULES = YES;
				CLANG_ENABLE_OBJC_ARC = YES;
				CLANG_ENABLE_OBJC_WEAK = YES;
				CLANG_WARN_BLOCK_CAPTURE_AUTORELEASING = YES;
				CLANG_WARN_BOOL_CONVERSION = YES;
				CLANG_WARN_COMMA = YES;
				CLANG_WARN_CONSTANT_CONVERSION = YES;
				CLANG_WARN_DEPRECATED_OBJC_IMPLEMENTATIONS = YES;
				CLANG_WARN_DIRECT_OBJC_ISA_USAGE = YES_ERROR;
				CLANG_WARN_DOCUMENTATION_COMMENTS = YES;
				CLANG_WARN_EMPTY_BODY = YES;
				CLANG_WARN_ENUM_CONVERSION = YES;
				CLANG_WARN_INFINITE_RECURSION = YES;
				CLANG_WARN_INT_CONVERSION = YES;
				CLANG_WARN_NON_LITERAL_NULL_CONVERSION = YES;
				CLANG_WARN_OBJC_IMPLICIT_RETAIN_SELF = YES;
				CLANG_WARN_OBJC_LITERAL_CONVERSION = YES;
				CLANG_WARN_OBJC_ROOT_CLASS = YES_ERROR;
				CLANG_WARN_QUOTED_INCLUDE_IN_FRAMEWORK_HEADER = YES;
				CLANG_WARN_RANGE_LOOP_ANALYSIS = YES;
				CLANG_WARN_STRICT_PROTOTYPES = YES;
				CLANG_WARN_SUSPICIOUS_MOVE = YES;
				CLANG_WARN_UNGUARDED_AVAILABILITY = YES_AGGRESSIVE;
				CLANG_WARN_UNREACHABLE_CODE = YES;
				CLANG_WARN__DUPLICATE_METHOD_MATCH = YES;
				COPY_PHASE_STRIP = NO;
				DEAD_CODE_STRIPPING = YES;
				DEBUG_INFORMATION_FORMAT = dwarf;
				ENABLE_STRICT_OBJC_MSGSEND = YES;
				ENABLE_TESTABILITY = YES;
				ENABLE_USER_SCRIPT_SANDBOXING = YES;
				GCC_C_LANGUAGE_STANDARD = gnu11;
				GCC_DYNAMIC_NO_PIC = NO;
				GCC_NO_COMMON_BLOCKS = YES;
				GCC_OPTIMIZATION_LEVEL = 0;
				GCC_PREPROCESSOR_DEFINITIONS = (
					"DEBUG=1",
					"$(inherited)",
				);
				GCC_WARN_64_TO_32_BIT_CONVERSION = YES;
				GCC_WARN_ABOUT_RETURN_TYPE = YES_ERROR;
				GCC_WARN_UNDECLARED_SELECTOR = YES;
				GCC_WARN_UNINITIALIZED_AUTOS = YES_AGGRESSIVE;
				GCC_WARN_UNUSED_FUNCTION = YES;
				GCC_WARN_UNUSED_VARIABLE = YES;
				MACOSX_DEPLOYMENT_TARGET = 14.0;
				MTL_ENABLE_DEBUG_INFO = INCLUDE_SOURCE;
				MTL_FAST_MATH = YES;
				ONLY_ACTIVE_ARCH = YES;
				SDKROOT = macosx;
				SWIFT_ACTIVE_COMPILATION_CONDITIONS = DEBUG;
				SWIFT_OPTIMIZATION_LEVEL = "-Onone";
			};
			name = Debug;
		};
		095D709127F386EB00248050 /* Release */ = {
			isa = XCBuildConfiguration;
			buildSettings = {
				ALWAYS_SEARCH_USER_PATHS = NO;
				ASSETCATALOG_COMPILER_GENERATE_SWIFT_ASSET_SYMBOL_EXTENSIONS = YES;
				CLANG_ANALYZER_NONNULL = YES;
				CLANG_ANALYZER_NUMBER_OBJECT_CONVERSION = YES_AGGRESSIVE;
				CLANG_CXX_LANGUAGE_STANDARD = "gnu++17";
				CLANG_ENABLE_MODULES = YES;
				CLANG_ENABLE_OBJC_ARC = YES;
				CLANG_ENABLE_OBJC_WEAK = YES;
				CLANG_WARN_BLOCK_CAPTURE_AUTORELEASING = YES;
				CLANG_WARN_BOOL_CONVERSION = YES;
				CLANG_WARN_COMMA = YES;
				CLANG_WARN_CONSTANT_CONVERSION = YES;
				CLANG_WARN_DEPRECATED_OBJC_IMPLEMENTATIONS = YES;
				CLANG_WARN_DIRECT_OBJC_ISA_USAGE = YES_ERROR;
				CLANG_WARN_DOCUMENTATION_COMMENTS = YES;
				CLANG_WARN_EMPTY_BODY = YES;
				CLANG_WARN_ENUM_CONVERSION = YES;
				CLANG_WARN_INFINITE_RECURSION = YES;
				CLANG_WARN_INT_CONVERSION = YES;
				CLANG_WARN_NON_LITERAL_NULL_CONVERSION = YES;
				CLANG_WARN_OBJC_IMPLICIT_RETAIN_SELF = YES;
				CLANG_WARN_OBJC_LITERAL_CONVERSION = YES;
				CLANG_WARN_OBJC_ROOT_CLASS = YES_ERROR;
				CLANG_WARN_QUOTED_INCLUDE_IN_FRAMEWORK_HEADER = YES;
				CLANG_WARN_RANGE_LOOP_ANALYSIS = YES;
				CLANG_WARN_STRICT_PROTOTYPES = YES;
				CLANG_WARN_SUSPICIOUS_MOVE = YES;
				CLANG_WARN_UNGUARDED_AVAILABILITY = YES_AGGRESSIVE;
				CLANG_WARN_UNREACHABLE_CODE = YES;
				CLANG_WARN__DUPLICATE_METHOD_MATCH = YES;
				COPY_PHASE_STRIP = NO;
				DEAD_CODE_STRIPPING = YES;
				DEBUG_INFORMATION_FORMAT = "dwarf-with-dsym";
				ENABLE_NS_ASSERTIONS = NO;
				ENABLE_STRICT_OBJC_MSGSEND = YES;
				ENABLE_USER_SCRIPT_SANDBOXING = YES;
				GCC_C_LANGUAGE_STANDARD = gnu11;
				GCC_NO_COMMON_BLOCKS = YES;
				GCC_WARN_64_TO_32_BIT_CONVERSION = YES;
				GCC_WARN_ABOUT_RETURN_TYPE = YES_ERROR;
				GCC_WARN_UNDECLARED_SELECTOR = YES;
				GCC_WARN_UNINITIALIZED_AUTOS = YES_AGGRESSIVE;
				GCC_WARN_UNUSED_FUNCTION = YES;
				GCC_WARN_UNUSED_VARIABLE = YES;
				MACOSX_DEPLOYMENT_TARGET = 14.0;
				MTL_ENABLE_DEBUG_INFO = NO;
				MTL_FAST_MATH = YES;
				SDKROOT = macosx;
				SWIFT_COMPILATION_MODE = wholemodule;
				SWIFT_OPTIMIZATION_LEVEL = "-O";
			};
			name = Release;
		};
		095D709327F386EB00248050 /* Debug */ = {
			isa = XCBuildConfiguration;
			buildSettings = {
				ASSETCATALOG_COMPILER_APPICON_NAME = AppIcon;
				ASSETCATALOG_COMPILER_GLOBAL_ACCENT_COLOR_NAME = AccentColor;
				CODE_SIGN_ENTITLEMENTS = "";
				CODE_SIGN_STYLE = Automatic;
				COMBINE_HIDPI_IMAGES = YES;
				CURRENT_PROJECT_VERSION = 1;
				DEAD_CODE_STRIPPING = YES;
				DEVELOPMENT_ASSET_PATHS = "CalendarSummary/Preview\\ Content";
				DEVELOPMENT_TEAM = QNREQQTC5Y;
				ENABLE_PREVIEWS = YES;
				GENERATE_INFOPLIST_FILE = YES;
				INFOPLIST_FILE = CalendarSummary/Info.plist;
				INFOPLIST_KEY_CFBundleDisplayName = "Calendar Summary";
				INFOPLIST_KEY_LSApplicationCategoryType = "public.app-category.productivity";
				INFOPLIST_KEY_NSCalendarsUsageDescription = "$(MARKETING_VERSION)";
				INFOPLIST_KEY_NSHumanReadableCopyright = "";
				LD_RUNPATH_SEARCH_PATHS = (
					"$(inherited)",
					"@executable_path/../Frameworks",
				);
				MACOSX_DEPLOYMENT_TARGET = 14.0;
				MARKETING_VERSION = 1.0;
				PRODUCT_BUNDLE_IDENTIFIER = ru.olasoft.CalendarSummary;
				PRODUCT_NAME = "$(TARGET_NAME)";
				SWIFT_EMIT_LOC_STRINGS = YES;
				SWIFT_VERSION = 5.0;
			};
			name = Debug;
		};
		095D709427F386EB00248050 /* Release */ = {
			isa = XCBuildConfiguration;
			buildSettings = {
				ASSETCATALOG_COMPILER_APPICON_NAME = AppIcon;
				ASSETCATALOG_COMPILER_GLOBAL_ACCENT_COLOR_NAME = AccentColor;
				CODE_SIGN_ENTITLEMENTS = "";
				CODE_SIGN_STYLE = Automatic;
				COMBINE_HIDPI_IMAGES = YES;
				CURRENT_PROJECT_VERSION = 1;
				DEAD_CODE_STRIPPING = YES;
				DEVELOPMENT_ASSET_PATHS = "CalendarSummary/Preview\\ Content";
				DEVELOPMENT_TEAM = QNREQQTC5Y;
				ENABLE_PREVIEWS = YES;
				GENERATE_INFOPLIST_FILE = YES;
				INFOPLIST_FILE = CalendarSummary/Info.plist;
				INFOPLIST_KEY_CFBundleDisplayName = "Calendar Summary";
				INFOPLIST_KEY_LSApplicationCategoryType = "public.app-category.productivity";
				INFOPLIST_KEY_NSCalendarsUsageDescription = "$(MARKETING_VERSION)";
				INFOPLIST_KEY_NSHumanReadableCopyright = "";
				LD_RUNPATH_SEARCH_PATHS = (
					"$(inherited)",
					"@executable_path/../Frameworks",
				);
				MACOSX_DEPLOYMENT_TARGET = 14.0;
				MARKETING_VERSION = 1.0;
				PRODUCT_BUNDLE_IDENTIFIER = ru.olasoft.CalendarSummary;
				PRODUCT_NAME = "$(TARGET_NAME)";
				SWIFT_EMIT_LOC_STRINGS = YES;
				SWIFT_VERSION = 5.0;
			};
			name = Release;
		};
		095D709627F386EB00248050 /* Debug */ = {
			isa = XCBuildConfiguration;
			buildSettings = {
				ALWAYS_EMBED_SWIFT_STANDARD_LIBRARIES = YES;
				BUNDLE_LOADER = "$(TEST_HOST)";
				CODE_SIGN_STYLE = Automatic;
				CURRENT_PROJECT_VERSION = 1;
				DEAD_CODE_STRIPPING = YES;
				GENERATE_INFOPLIST_FILE = YES;
				INFOPLIST_KEY_NSCalendarsUsageDescription = AAAAAA;
				MACOSX_DEPLOYMENT_TARGET = 12.3;
				MARKETING_VERSION = 1.0;
				PRODUCT_BUNDLE_IDENTIFIER = ru.olasoft.CalendarSummaryTests;
				PRODUCT_NAME = "$(TARGET_NAME)";
				SWIFT_EMIT_LOC_STRINGS = NO;
				SWIFT_VERSION = 5.0;
				TEST_HOST = "$(BUILT_PRODUCTS_DIR)/CalendarSummary.app/Contents/MacOS/CalendarSummary";
			};
			name = Debug;
		};
		095D709727F386EB00248050 /* Release */ = {
			isa = XCBuildConfiguration;
			buildSettings = {
				ALWAYS_EMBED_SWIFT_STANDARD_LIBRARIES = YES;
				BUNDLE_LOADER = "$(TEST_HOST)";
				CODE_SIGN_STYLE = Automatic;
				CURRENT_PROJECT_VERSION = 1;
				DEAD_CODE_STRIPPING = YES;
				GENERATE_INFOPLIST_FILE = YES;
				INFOPLIST_KEY_NSCalendarsUsageDescription = AAAAAA;
				MACOSX_DEPLOYMENT_TARGET = 12.3;
				MARKETING_VERSION = 1.0;
				PRODUCT_BUNDLE_IDENTIFIER = ru.olasoft.CalendarSummaryTests;
				PRODUCT_NAME = "$(TARGET_NAME)";
				SWIFT_EMIT_LOC_STRINGS = NO;
				SWIFT_VERSION = 5.0;
				TEST_HOST = "$(BUILT_PRODUCTS_DIR)/CalendarSummary.app/Contents/MacOS/CalendarSummary";
			};
			name = Release;
		};
		095D709927F386EB00248050 /* Debug */ = {
			isa = XCBuildConfiguration;
			buildSettings = {
				ALWAYS_EMBED_SWIFT_STANDARD_LIBRARIES = YES;
				CODE_SIGN_STYLE = Automatic;
				CURRENT_PROJECT_VERSION = 1;
				DEAD_CODE_STRIPPING = YES;
				GENERATE_INFOPLIST_FILE = YES;
				MARKETING_VERSION = 1.0;
				PRODUCT_BUNDLE_IDENTIFIER = ru.olasoft.CalendarSummaryUITests;
				PRODUCT_NAME = "$(TARGET_NAME)";
				SWIFT_EMIT_LOC_STRINGS = NO;
				SWIFT_VERSION = 5.0;
				TEST_TARGET_NAME = CalendarSummary;
			};
			name = Debug;
		};
		095D709A27F386EB00248050 /* Release */ = {
			isa = XCBuildConfiguration;
			buildSettings = {
				ALWAYS_EMBED_SWIFT_STANDARD_LIBRARIES = YES;
				CODE_SIGN_STYLE = Automatic;
				CURRENT_PROJECT_VERSION = 1;
				DEAD_CODE_STRIPPING = YES;
				GENERATE_INFOPLIST_FILE = YES;
				MARKETING_VERSION = 1.0;
				PRODUCT_BUNDLE_IDENTIFIER = ru.olasoft.CalendarSummaryUITests;
				PRODUCT_NAME = "$(TARGET_NAME)";
				SWIFT_EMIT_LOC_STRINGS = NO;
				SWIFT_VERSION = 5.0;
				TEST_TARGET_NAME = CalendarSummary;
			};
			name = Release;
		};
/* End XCBuildConfiguration section */

/* Begin XCConfigurationList section */
		095D706827F386E700248050 /* Build configuration list for PBXProject "CalendarSummary" */ = {
			isa = XCConfigurationList;
			buildConfigurations = (
				095D709027F386EB00248050 /* Debug */,
				095D709127F386EB00248050 /* Release */,
			);
			defaultConfigurationIsVisible = 0;
			defaultConfigurationName = Release;
		};
		095D709227F386EB00248050 /* Build configuration list for PBXNativeTarget "CalendarSummary" */ = {
			isa = XCConfigurationList;
			buildConfigurations = (
				095D709327F386EB00248050 /* Debug */,
				095D709427F386EB00248050 /* Release */,
			);
			defaultConfigurationIsVisible = 0;
			defaultConfigurationName = Release;
		};
		095D709527F386EB00248050 /* Build configuration list for PBXNativeTarget "CalendarSummaryTests" */ = {
			isa = XCConfigurationList;
			buildConfigurations = (
				095D709627F386EB00248050 /* Debug */,
				095D709727F386EB00248050 /* Release */,
			);
			defaultConfigurationIsVisible = 0;
			defaultConfigurationName = Release;
		};
		095D709827F386EB00248050 /* Build configuration list for PBXNativeTarget "CalendarSummaryUITests" */ = {
			isa = XCConfigurationList;
			buildConfigurations = (
				095D709927F386EB00248050 /* Debug */,
				095D709A27F386EB00248050 /* Release */,
			);
			defaultConfigurationIsVisible = 0;
			defaultConfigurationName = Release;
		};
/* End XCConfigurationList section */
	};
	rootObject = 095D706527F386E700248050 /* Project object */;
}
